{
  "lib/chainlink-evm": {
    "tag": {
      "name": "contracts-v1.5.0",
      "rev": "86aa5a1d34b20eda8d18fe6eb0e4882948e545ba"
    }
  },
  "lib/forge-std": {
    "tag": {
      "name": "v1.16.1",
      "rev": "620536fa5277db4e3fd46772d5cbc1ea0696fb43"
    }
  },
  "lib/v4-hooks-public": {
    "rev": "0ec65960e213d0bc38be91004c66d550a085c0dc"
  }
}